
Microsoft Visual Studio Solution File, Format Version 12.00
# Visual Studio Version 17
VisualStudioVersion = 17.14.36414.22
MinimumVisualStudioVersion = 10.0.40219.1
Project("{2150E333-8FDC-42A3-9474-1A3956D46DE8}") = "Task0", "Task0", "{02EA681E-C7D8-13C7-8484-4AC65E1B71E8}"
EndProject
Project("{FAE04EC0-301F-11D3-BF4B-00C04F79EFBC}") = "Tyuiu.DanilovAS.Sprint3.Task0.V7", "Tyuiu.DanilovAS.Sprint3.Task0.V7\Tyuiu.DanilovAS.Sprint3.Task0.V7.csproj", "{54E64DA3-D856-438D-9058-1C12489C5578}"
EndProject
Project("{FAE04EC0-301F-11D3-BF4B-00C04F79EFBC}") = "Tyuiu.DanilovAS.Sprint3.Task0.V7.Lib", "Tyuiu.DanilovAS.Sprint3.Task0.V7.Lib\Tyuiu.DanilovAS.Sprint3.Task0.V7.Lib.csproj", "{489D7F4C-2A6B-4E4F-AEB4-A3876A7AA15A}"
EndProject
Project("{FAE04EC0-301F-11D3-BF4B-00C04F79EFBC}") = "Tyuiu.DanilovAS.Sprint3.Task0.V7.Test", "Tyuiu.DanilovAS.Sprint3.Task0.V7.Test\Tyuiu.DanilovAS.Sprint3.Task0.V7.Test.csproj", "{84F2260D-F74F-4296-87C1-656C22EBC7DC}"
EndProject
Project("{2150E333-8FDC-42A3-9474-1A3956D46DE8}") = "Task1", "Task1", "{36D591C7-65C7-A0D1-1CBC-10CDE441BDC8}"
EndProject
Project("{FAE04EC0-301F-11D3-BF4B-00C04F79EFBC}") = "Tyuiu.DanilovAS.Sprint3.Task1.V21", "Tyuiu.DanilovAS.Sprint3.Task1.V21\Tyuiu.DanilovAS.Sprint3.Task1.V21.csproj", "{B5D08B8C-4CBB-401A-9399-3F85C4B53C53}"
EndProject
Project("{FAE04EC0-301F-11D3-BF4B-00C04F79EFBC}") = "Tyuiu.DanilovAS.Sprint3.Task1.V21.Lib", "Tyuiu.DanilovAS.Sprint3.Task1.V21.Lib\Tyuiu.DanilovAS.Sprint3.Task1.V21.Lib.csproj", "{5E2F33ED-F439-4DC0-A6DC-14C3CAED2DED}"
EndProject
Project("{FAE04EC0-301F-11D3-BF4B-00C04F79EFBC}") = "Tyuiu.DanilovAS.Sprint3.Task1.V21.Test", "Tyuiu.DanilovAS.Sprint3.Task1.V21.Test\Tyuiu.DanilovAS.Sprint3.Task1.V21.Test.csproj", "{DECB4296-D01B-40CF-A8BC-E2DB793233A4}"
EndProject
Global
	GlobalSection(SolutionConfigurationPlatforms) = preSolution
		Debug|Any CPU = Debug|Any CPU
		Release|Any CPU = Release|Any CPU
	EndGlobalSection
	GlobalSection(ProjectConfigurationPlatforms) = postSolution
		{54E64DA3-D856-438D-9058-1C12489C5578}.Debug|Any CPU.ActiveCfg = Debug|Any CPU
		{54E64DA3-D856-438D-9058-1C12489C5578}.Debug|Any CPU.Build.0 = Debug|Any CPU
		{54E64DA3-D856-438D-9058-1C12489C5578}.Release|Any CPU.ActiveCfg = Release|Any CPU
		{54E64DA3-D856-438D-9058-1C12489C5578}.Release|Any CPU.Build.0 = Release|Any CPU
		{489D7F4C-2A6B-4E4F-AEB4-A3876A7AA15A}.Debug|Any CPU.ActiveCfg = Debug|Any CPU
		{489D7F4C-2A6B-4E4F-AEB4-A3876A7AA15A}.Debug|Any CPU.Build.0 = Debug|Any CPU
		{489D7F4C-2A6B-4E4F-AEB4-A3876A7AA15A}.Release|Any CPU.ActiveCfg = Release|Any CPU
		{489D7F4C-2A6B-4E4F-AEB4-A3876A7AA15A}.Release|Any CPU.Build.0 = Release|Any CPU
		{84F2260D-F74F-4296-87C1-656C22EBC7DC}.Debug|Any CPU.ActiveCfg = Debug|Any CPU
		{84F2260D-F74F-4296-87C1-656C22EBC7DC}.Debug|Any CPU.Build.0 = Debug|Any CPU
		{84F2260D-F74F-4296-87C1-656C22EBC7DC}.Release|Any CPU.ActiveCfg = Release|Any CPU
		{84F2260D-F74F-4296-87C1-656C22EBC7DC}.Release|Any CPU.Build.0 = Release|Any CPU
		{B5D08B8C-4CBB-401A-9399-3F85C4B53C53}.Debug|Any CPU.ActiveCfg = Debug|Any CPU
		{B5D08B8C-4CBB-401A-9399-3F85C4B53C53}.Debug|Any CPU.Build.0 = Debug|Any CPU
		{B5D08B8C-4CBB-401A-9399-3F85C4B53C53}.Release|Any CPU.ActiveCfg = Release|Any CPU
		{B5D08B8C-4CBB-401A-9399-3F85C4B53C53}.Release|Any CPU.Build.0 = Release|Any CPU
		{5E2F33ED-F439-4DC0-A6DC-14C3CAED2DED}.Debug|Any CPU.ActiveCfg = Debug|Any CPU
		{5E2F33ED-F439-4DC0-A6DC-14C3CAED2DED}.Debug|Any CPU.Build.0 = Debug|Any CPU
		{5E2F33ED-F439-4DC0-A6DC-14C3CAED2DED}.Release|Any CPU.ActiveCfg = Release|Any CPU
		{5E2F33ED-F439-4DC0-A6DC-14C3CAED2DED}.Release|Any CPU.Build.0 = Release|Any CPU
		{DECB4296-D01B-40CF-A8BC-E2DB793233A4}.Debug|Any CPU.ActiveCfg = Debug|Any CPU
		{DECB4296-D01B-40CF-A8BC-E2DB793233A4}.Debug|Any CPU.Build.0 = Debug|Any CPU
		{DECB4296-D01B-40CF-A8BC-E2DB793233A4}.Release|Any CPU.ActiveCfg = Release|Any CPU
		{DECB4296-D01B-40CF-A8BC-E2DB793233A4}.Release|Any CPU.Build.0 = Release|Any CPU
	EndGlobalSection
	GlobalSection(SolutionProperties) = preSolution
		HideSolutionNode = FALSE
	EndGlobalSection
	GlobalSection(NestedProjects) = preSolution
		{54E64DA3-D856-438D-9058-1C12489C5578} = {02EA681E-C7D8-13C7-8484-4AC65E1B71E8}
		{489D7F4C-2A6B-4E4F-AEB4-A3876A7AA15A} = {02EA681E-C7D8-13C7-8484-4AC65E1B71E8}
		{84F2260D-F74F-4296-87C1-656C22EBC7DC} = {02EA681E-C7D8-13C7-8484-4AC65E1B71E8}
		{B5D08B8C-4CBB-401A-9399-3F85C4B53C53} = {36D591C7-65C7-A0D1-1CBC-10CDE441BDC8}
		{5E2F33ED-F439-4DC0-A6DC-14C3CAED2DED} = {36D591C7-65C7-A0D1-1CBC-10CDE441BDC8}
		{DECB4296-D01B-40CF-A8BC-E2DB793233A4} = {36D591C7-65C7-A0D1-1CBC-10CDE441BDC8}
	EndGlobalSection
	GlobalSection(ExtensibilityGlobals) = postSolution
		SolutionGuid = {BE223BA4-C033-469B-8F05-BE9D92512BE8}
	EndGlobalSection
EndGlobal
